{
  "requires": true,
  "lockfileVersion": 1,
  "dependencies": {
    "@babel/runtime": {
      "version": "7.13.17",
      "resolved": "https://registry.npmjs.org/@babel/runtime/-/runtime-7.13.17.tgz",
      "integrity": "sha512-NCdgJEelPTSh+FEFylhnP1ylq848l1z9t9N0j1Lfbcw0+KXGjsTvUmkxy+voLLXB5SOKMbLLx4jxYliGrYQseA==",
      "requires": {
        "regenerator-runtime": "^0.13.4"
      }
    },
    "@material-ui/data-grid": {
      "version": "4.0.0-alpha.26",
      "resolved": "https://registry.npmjs.org/@material-ui/data-grid/-/data-grid-4.0.0-alpha.26.tgz",
      "integrity": "sha512-mA2mncqQAISRLl7FR5NSmlus0wLQ5MSbIjg7WJyGKoOojNwEhK46nmYPvukljXMRoaKQpiv4U+ULI5CuuxlXgQ==",
      "requires": {
        "@material-ui/utils": "^5.0.0-alpha.14",
        "prop-types": "^15.7.2",
        "reselect": "^4.0.0"
      }
    },
    "@material-ui/lab": {
      "version": "4.0.0-alpha.58",
      "resolved": "https://registry.npmjs.org/@material-ui/lab/-/lab-4.0.0-alpha.58.tgz",
      "integrity": "sha512-GKHlJqLxUeHH3L3dGQ48ZavYrqGOTXkFkiEiuYMAnAvXAZP4rhMIqeHOPXSUQan4Bd8QnafDcpovOSLnadDmKw==",
      "requires": {
        "@babel/runtime": "^7.4.4",
        "@material-ui/utils": "^4.11.2",
        "clsx": "^1.0.4",
        "prop-types": "^15.7.2",
        "react-is": "^16.8.0 || ^17.0.0"
      },
      "dependencies": {
        "@material-ui/utils": {
          "version": "4.11.2",
          "resolved": "https://registry.npmjs.org/@material-ui/utils/-/utils-4.11.2.tgz",
          "integrity": "sha512-Uul8w38u+PICe2Fg2pDKCaIG7kOyhowZ9vjiC1FsVwPABTW8vPPKfF6OvxRq3IiBaI1faOJmgdvMG7rMJARBhA==",
          "requires": {
            "@babel/runtime": "^7.4.4",
            "prop-types": "^15.7.2",
            "react-is": "^16.8.0 || ^17.0.0"
          }
        }
      }
    },
    "@material-ui/utils": {
      "version": "5.0.0-alpha.30",
      "resolved": "https://registry.npmjs.org/@material-ui/utils/-/utils-5.0.0-alpha.30.tgz",
      "integrity": "sha512-cMTasaq6E6TJE6k4nMYTY1kK2+N5AlTvV8El8S8Zkp6ljRTKgejq6e53/Ryf3bKwEq9NDFqqbN68ZHjk/Olu6g==",
      "requires": {
        "@babel/runtime": "^7.4.4",
        "@types/prop-types": "^15.7.3",
        "@types/react-is": "^16.7.1 || ^17.0.0",
        "prop-types": "^15.7.2",
        "react-is": "^17.0.0"
      }
    },
    "@types/prop-types": {
      "version": "15.7.3",
      "resolved": "https://registry.npmjs.org/@types/prop-types/-/prop-types-15.7.3.tgz",
      "integrity": "sha512-KfRL3PuHmqQLOG+2tGpRO26Ctg+Cq1E01D2DMriKEATHgWLfeNDmq9e29Q9WIky0dQ3NPkd1mzYH8Lm936Z9qw=="
    },
    "@types/react": {
      "version": "17.0.4",
      "resolved": "https://registry.npmjs.org/@types/react/-/react-17.0.4.tgz",
      "integrity": "sha512-onz2BqScSFMoTRdJUZUDD/7xrusM8hBA2Fktk2qgaTYPCgPvWnDEgkrOs8hhPUf2jfcIXkJ5yK6VfYormJS3Jw==",
      "requires": {
        "@types/prop-types": "*",
        "@types/scheduler": "*",
        "csstype": "^3.0.2"
      }
    },
    "@types/react-is": {
      "version": "17.0.0",
      "resolved": "https://registry.npmjs.org/@types/react-is/-/react-is-17.0.0.tgz",
      "integrity": "sha512-A0DQ1YWZ0RG2+PV7neAotNCIh8gZ3z7tQnDJyS2xRPDNtAtSPcJ9YyfMP8be36Ha0kQRzbZCrrTMznA4blqO5g==",
      "requires": {
        "@types/react": "*"
      }
    },
    "@types/scheduler": {
      "version": "0.16.1",
      "resolved": "https://registry.npmjs.org/@types/scheduler/-/scheduler-0.16.1.tgz",
      "integrity": "sha512-EaCxbanVeyxDRTQBkdLb3Bvl/HK7PBK6UJjsSixB0iHKoWxE5uu2Q/DgtpOhPIojN0Zl1whvOd7PoHs2P0s5eA=="
    },
    "axios": {
      "version": "0.21.1",
      "resolved": "https://registry.npmjs.org/axios/-/axios-0.21.1.tgz",
      "integrity": "sha512-dKQiRHxGD9PPRIUNIWvZhPTPpl1rf/OxTYKsqKUDjBwYylTvV7SjSHJb9ratfyzM6wCdLCOYLzs73qpg5c4iGA==",
      "requires": {
        "follow-redirects": "^1.10.0"
      }
    },
    "classnames": {
      "version": "2.3.1",
      "resolved": "https://registry.npmjs.org/classnames/-/classnames-2.3.1.tgz",
      "integrity": "sha512-OlQdbZ7gLfGarSqxesMesDa5uz7KFbID8Kpq/SxIoNGDqY8lSYs0D+hhtBXhcdB3rcbXArFr7vlHheLk1voeNA=="
    },
    "clsx": {
      "version": "1.1.1",
      "resolved": "https://registry.npmjs.org/clsx/-/clsx-1.1.1.tgz",
      "integrity": "sha512-6/bPho624p3S2pMyvP5kKBPXnI3ufHLObBFCfgx+LkeR5lg2XYy2hqZqUf45ypD8COn2bhgGJSUE+l5dhNBieA=="
    },
    "csstype": {
      "version": "3.0.8",
      "resolved": "https://registry.npmjs.org/csstype/-/csstype-3.0.8.tgz",
      "integrity": "sha512-jXKhWqXPmlUeoQnF/EhTtTl4C9SnrxSH/jZUih3jmO6lBKr99rP3/+FmrMj4EFpOXzMtXHAZkd3x0E6h6Fgflw=="
    },
    "follow-redirects": {
      "version": "1.14.1",
      "resolved": "https://registry.npmjs.org/follow-redirects/-/follow-redirects-1.14.1.tgz",
      "integrity": "sha512-HWqDgT7ZEkqRzBvc2s64vSZ/hfOceEol3ac/7tKwzuvEyWx3/4UegXh5oBOIotkGsObyk3xznnSRVADBgWSQVg=="
    },
    "fscreen": {
      "version": "1.2.0",
      "resolved": "https://registry.npmjs.org/fscreen/-/fscreen-1.2.0.tgz",
      "integrity": "sha512-hlq4+BU0hlPmwsFjwGGzZ+OZ9N/wq9Ljg/sq3pX+2CD7hrJsX9tJgWWK/wiNTFM212CLHWhicOoqwXyZGGetJg=="
    },
    "js-tokens": {
      "version": "4.0.0",
      "resolved": "https://registry.npmjs.org/js-tokens/-/js-tokens-4.0.0.tgz",
      "integrity": "sha512-RdJUflcE3cUzKiMqQgsCu06FPu9UdIJO0beYbPhHN4k6apgJtifcoCtT9bcxOpYBtpD2kCM6Sbzg4CausW/PKQ=="
    },
    "keycode": {
      "version": "2.2.0",
      "resolved": "https://registry.npmjs.org/keycode/-/keycode-2.2.0.tgz",
      "integrity": "sha1-PQr1bce4uOXLqNCpfxByBO7CKwQ="
    },
    "loose-envify": {
      "version": "1.4.0",
      "resolved": "https://registry.npmjs.org/loose-envify/-/loose-envify-1.4.0.tgz",
      "integrity": "sha512-lyuxPGr/Wfhrlem2CL/UcnUc1zcqKAImBDzukY7Y5F/yQiNdko6+fRLevlw1HgMySw7f611UIY408EtxRSoK3Q==",
      "requires": {
        "js-tokens": "^3.0.0 || ^4.0.0"
      }
    },
    "material-auto-rotating-carousel": {
      "version": "3.0.2",
      "resolved": "https://registry.npmjs.org/material-auto-rotating-carousel/-/material-auto-rotating-carousel-3.0.2.tgz",
      "integrity": "sha512-ql/jiV0R9xsOUVn7JNOomvgXHkVFYjmClei+jsfgpOlHXsXztqfOFl6rb0mLbBIpg4mRzTV5oNYOGAM3MvXETA==",
      "requires": {
        "classnames": "^2.2.5",
        "material-ui-dots": "^2.0.0",
        "prop-types": "^15.5.8"
      }
    },
    "material-ui-dots": {
      "version": "2.0.2",
      "resolved": "https://registry.npmjs.org/material-ui-dots/-/material-ui-dots-2.0.2.tgz",
      "integrity": "sha512-1pKjHednWNaVmzo/3fr6dJ+yDCZWfR/GEasqhJKRvb1hIs54064smlNJ/zVdAmt4NMsbxZQPf2D3LnEWvH8y8g==",
      "requires": {
        "prop-types": "^15.7.2"
      }
    },
    "nodemailer": {
      "version": "6.6.0",
      "resolved": "https://registry.npmjs.org/nodemailer/-/nodemailer-6.6.0.tgz",
      "integrity": "sha512-ikSMDU1nZqpo2WUPE0wTTw/NGGImTkwpJKDIFPZT+YvvR9Sj+ze5wzu95JHkBMglQLoG2ITxU21WukCC/XsFkg=="
    },
    "object-assign": {
      "version": "4.1.1",
      "resolved": "https://registry.npmjs.org/object-assign/-/object-assign-4.1.1.tgz",
      "integrity": "sha1-IQmtx5ZYh8/AXLvUQsrIv7s2CGM="
    },
    "prop-types": {
      "version": "15.7.2",
      "resolved": "https://registry.npmjs.org/prop-types/-/prop-types-15.7.2.tgz",
      "integrity": "sha512-8QQikdH7//R2vurIJSutZ1smHYTcLpRWEOlHnzcWHmBYrOGUysKwSsrC89BCiFj3CbrfJ/nXFdJepOVrY1GCHQ==",
      "requires": {
        "loose-envify": "^1.4.0",
        "object-assign": "^4.1.1",
        "react-is": "^16.8.1"
      },
      "dependencies": {
        "react-is": {
          "version": "16.13.1",
          "resolved": "https://registry.npmjs.org/react-is/-/react-is-16.13.1.tgz",
          "integrity": "sha512-24e6ynE2H+OKt4kqsOvNd8kBpV65zoxbA4BVsEOB3ARVWQki/DHzaUoC5KuON/BiccDaCCTZBuOcfZs70kR8bQ=="
        }
      }
    },
    "react-beforeunload": {
      "version": "2.5.1",
      "resolved": "https://registry.npmjs.org/react-beforeunload/-/react-beforeunload-2.5.1.tgz",
      "integrity": "sha512-X0PROB2sOTfue/8DEMIEIbfVWHlsLYuVOQ1s9StYOkrqocWX7wVJ1SErYXNw0I6zT1vTALm6oxsI7SO2B7AoGw==",
      "requires": {
        "prop-types": "^15.7.2",
        "tiny-invariant": "^1.1.0"
      }
    },
    "react-countdown": {
      "version": "2.3.1",
      "resolved": "https://registry.npmjs.org/react-countdown/-/react-countdown-2.3.1.tgz",
      "integrity": "sha512-h66prF+Wwj3Ru4tDeqvXsW8iqaCyC54pjwTAlUUmUQ11EUqIO34xV4pO4q8MGT6917ep47ntKmBW99ZVN1ozdQ==",
      "requires": {
        "prop-types": "^15.7.2"
      }
    },
    "react-event-listener": {
      "version": "0.6.6",
      "resolved": "https://registry.npmjs.org/react-event-listener/-/react-event-listener-0.6.6.tgz",
      "integrity": "sha512-+hCNqfy7o9wvO6UgjqFmBzARJS7qrNoda0VqzvOuioEpoEXKutiKuv92dSz6kP7rYLmyHPyYNLesi5t/aH1gfw==",
      "requires": {
        "@babel/runtime": "^7.2.0",
        "prop-types": "^15.6.0",
        "warning": "^4.0.1"
      }
    },
    "react-full-screen": {
      "version": "1.0.2",
      "resolved": "https://registry.npmjs.org/react-full-screen/-/react-full-screen-1.0.2.tgz",
      "integrity": "sha512-3K1vC+HNt7355T5xI8ExkWC2o8mJohRoIk2BAWVJGv7aLyXNjBv8+a0v3Q4GwigU8AEG/FibSNEGDzwGUflMsA==",
      "requires": {
        "fscreen": "^1.0.2"
      }
    },
    "react-is": {
      "version": "17.0.2",
      "resolved": "https://registry.npmjs.org/react-is/-/react-is-17.0.2.tgz",
      "integrity": "sha512-w2GsyukL62IJnlaff/nRegPQR94C/XXamvMWmSHRJ4y7Ts/4ocGRmTHvOs8PSE6pB3dWOrD/nueuU5sduBsQ4w=="
    },
    "react-score-indicator": {
      "version": "2.2.1",
      "resolved": "https://registry.npmjs.org/react-score-indicator/-/react-score-indicator-2.2.1.tgz",
      "integrity": "sha512-I4TZ2Dlo8s3Q4z1oXWGcMMiYyivgbgGqOyHf2C0PJcJX0yr5QIaYnzBemoopoM+Nw1hGcwLiMikD7b/ovTZsPA=="
    },
    "react-stripe-checkout": {
      "version": "2.6.3",
      "resolved": "https://registry.npmjs.org/react-stripe-checkout/-/react-stripe-checkout-2.6.3.tgz",
      "integrity": "sha1-MXOocLBOWjwyGgbSTNU8YDARHEU="
    },
    "react-swipeable-views": {
      "version": "0.13.9",
      "resolved": "https://registry.npmjs.org/react-swipeable-views/-/react-swipeable-views-0.13.9.tgz",
      "integrity": "sha512-WXC2FKYvZ9QdJ31v9LjEJEl1bA7E4AcaloTkbW0uU0dYf5uvv4aOpiyxubvOkVl1a5L2UAHmKSif4TmJ9usrSg==",
      "requires": {
        "@babel/runtime": "7.0.0",
        "prop-types": "^15.5.4",
        "react-swipeable-views-core": "^0.13.7",
        "react-swipeable-views-utils": "^0.13.9",
        "warning": "^4.0.1"
      },
      "dependencies": {
        "@babel/runtime": {
          "version": "7.0.0",
          "resolved": "https://registry.npmjs.org/@babel/runtime/-/runtime-7.0.0.tgz",
          "integrity": "sha512-7hGhzlcmg01CvH1EHdSPVXYX1aJ8KCEyz6I9xYIi/asDtzBPMyMhVibhM/K6g/5qnKBwjZtp10bNZIEFTRW1MA==",
          "requires": {
            "regenerator-runtime": "^0.12.0"
          }
        },
        "regenerator-runtime": {
          "version": "0.12.1",
          "resolved": "https://registry.npmjs.org/regenerator-runtime/-/regenerator-runtime-0.12.1.tgz",
          "integrity": "sha512-odxIc1/vDlo4iZcfXqRYFj0vpXFNoGdKMAUieAlFYO6m/nl5e9KR/beGf41z4a1FI+aQgtjhuaSlDxQ0hmkrHg=="
        }
      }
    },
    "react-swipeable-views-core": {
      "version": "0.13.7",
      "resolved": "https://registry.npmjs.org/react-swipeable-views-core/-/react-swipeable-views-core-0.13.7.tgz",
      "integrity": "sha512-ekn9oDYfBt0oqJSGGwLEhKvn+QaqMGTy//9dURTLf+vp7W5j6GvmKryYdnwJCDITaPFI2hujXV4CH9krhvaE5w==",
      "requires": {
        "@babel/runtime": "7.0.0",
        "warning": "^4.0.1"
      },
      "dependencies": {
        "@babel/runtime": {
          "version": "7.0.0",
          "resolved": "https://registry.npmjs.org/@babel/runtime/-/runtime-7.0.0.tgz",
          "integrity": "sha512-7hGhzlcmg01CvH1EHdSPVXYX1aJ8KCEyz6I9xYIi/asDtzBPMyMhVibhM/K6g/5qnKBwjZtp10bNZIEFTRW1MA==",
          "requires": {
            "regenerator-runtime": "^0.12.0"
          }
        },
        "regenerator-runtime": {
          "version": "0.12.1",
          "resolved": "https://registry.npmjs.org/regenerator-runtime/-/regenerator-runtime-0.12.1.tgz",
          "integrity": "sha512-odxIc1/vDlo4iZcfXqRYFj0vpXFNoGdKMAUieAlFYO6m/nl5e9KR/beGf41z4a1FI+aQgtjhuaSlDxQ0hmkrHg=="
        }
      }
    },
    "react-swipeable-views-utils": {
      "version": "0.13.9",
      "resolved": "https://registry.npmjs.org/react-swipeable-views-utils/-/react-swipeable-views-utils-0.13.9.tgz",
      "integrity": "sha512-QLGxRKrbJCbWz94vkWLzb1Daaa2Y/TZKmsNKQ6WSNrS+chrlfZ3z9tqZ7YUJlW6pRWp3QZdLSY3UE3cN0TXXmw==",
      "requires": {
        "@babel/runtime": "7.0.0",
        "keycode": "^2.1.7",
        "prop-types": "^15.6.0",
        "react-event-listener": "^0.6.0",
        "react-swipeable-views-core": "^0.13.7",
        "shallow-equal": "^1.2.1"
      },
      "dependencies": {
        "@babel/runtime": {
          "version": "7.0.0",
          "resolved": "https://registry.npmjs.org/@babel/runtime/-/runtime-7.0.0.tgz",
          "integrity": "sha512-7hGhzlcmg01CvH1EHdSPVXYX1aJ8KCEyz6I9xYIi/asDtzBPMyMhVibhM/K6g/5qnKBwjZtp10bNZIEFTRW1MA==",
          "requires": {
            "regenerator-runtime": "^0.12.0"
          }
        },
        "regenerator-runtime": {
          "version": "0.12.1",
          "resolved": "https://registry.npmjs.org/regenerator-runtime/-/regenerator-runtime-0.12.1.tgz",
          "integrity": "sha512-odxIc1/vDlo4iZcfXqRYFj0vpXFNoGdKMAUieAlFYO6m/nl5e9KR/beGf41z4a1FI+aQgtjhuaSlDxQ0hmkrHg=="
        }
      }
    },
    "regenerator-runtime": {
      "version": "0.13.7",
      "resolved": "https://registry.npmjs.org/regenerator-runtime/-/regenerator-runtime-0.13.7.tgz",
      "integrity": "sha512-a54FxoJDIr27pgf7IgeQGxmqUNYrcV338lf/6gH456HZ/PhX+5BcwHXG9ajESmwe6WRO0tAzRUrRmNONWgkrew=="
    },
    "reselect": {
      "version": "4.0.0",
      "resolved": "https://registry.npmjs.org/reselect/-/reselect-4.0.0.tgz",
      "integrity": "sha512-qUgANli03jjAyGlnbYVAV5vvnOmJnODyABz51RdBN7M4WaVu8mecZWgyQNkG8Yqe3KRGRt0l4K4B3XVEULC4CA=="
    },
    "shallow-equal": {
      "version": "1.2.1",
      "resolved": "https://registry.npmjs.org/shallow-equal/-/shallow-equal-1.2.1.tgz",
      "integrity": "sha512-S4vJDjHHMBaiZuT9NPb616CSmLf618jawtv3sufLl6ivK8WocjAo58cXwbRV1cgqxH0Qbv+iUt6m05eqEa2IRA=="
    },
    "tiny-invariant": {
      "version": "1.1.0",
      "resolved": "https://registry.npmjs.org/tiny-invariant/-/tiny-invariant-1.1.0.tgz",
      "integrity": "sha512-ytxQvrb1cPc9WBEI/HSeYYoGD0kWnGEOR8RY6KomWLBVhqz0RgTwVO9dLrGz7dC+nN9llyI7OKAgRq8Vq4ZBSw=="
    },
    "warning": {
      "version": "4.0.3",
      "resolved": "https://registry.npmjs.org/warning/-/warning-4.0.3.tgz",
      "integrity": "sha512-rpJyN222KWIvHJ/F53XSZv0Zl/accqHR8et1kpaMTD/fLCRxtV8iX8czMzY7sVZupTI3zcUTg8eycS2kNF9l6w==",
      "requires": {
        "loose-envify": "^1.0.0"
      }
    }
  }
}
